
Microsoft Visual Studio Solution File, Format Version 12.00
# Visual Studio Version 17
VisualStudioVersion = 17.5.33424.131
MinimumVisualStudioVersion = 10.0.40219.1
Project("{FAE04EC0-301F-11D3-BF4B-00C04F79EFBC}") = "WebAPI", "WebAPI\WebAPI.csproj", "{34A6B8BA-0584-48F0-9636-4EF61AB23C15}"
EndProject
Global
	GlobalSection(SolutionConfigurationPlatforms) = preSolution
		Debug|Any CPU = Debug|Any CPU
		Release|Any CPU = Release|Any CPU
	EndGlobalSection
	GlobalSection(ProjectConfigurationPlatforms) = postSolution
		{34A6B8BA-0584-48F0-9636-4EF61AB23C15}.Debug|Any CPU.ActiveCfg = Debug|Any CPU
		{34A6B8BA-0584-48F0-9636-4EF61AB23C15}.Debug|Any CPU.Build.0 = Debug|Any CPU
		{34A6B8BA-0584-48F0-9636-4EF61AB23C15}.Release|Any CPU.ActiveCfg = Release|Any CPU
		{34A6B8BA-0584-48F0-9636-4EF61AB23C15}.Release|Any CPU.Build.0 = Release|Any CPU
	EndGlobalSection
	GlobalSection(SolutionProperties) = preSolution
		HideSolutionNode = FALSE
	EndGlobalSection
	GlobalSection(ExtensibilityGlobals) = postSolution
		SolutionGuid = {40F0270C-9123-42A5-B4C1-2EDE994B01F1}
	EndGlobalSection
EndGlobal
