
Microsoft Visual Studio Solution File, Format Version 12.00
# Visual Studio Version 16
VisualStudioVersion = 16.0.31605.320
MinimumVisualStudioVersion = 10.0.40219.1
Project("{FAE04EC0-301F-11D3-BF4B-00C04F79EFBC}") = "Tuan1DemoWinAp", "Tuan1DemoWinAp.csproj", "{AC48E08A-21C6-4CDA-9C72-4E2C09F1EFB7}"
EndProject
Global
	GlobalSection(SolutionConfigurationPlatforms) = preSolution
		Debug|Any CPU = Debug|Any CPU
		Release|Any CPU = Release|Any CPU
	EndGlobalSection
	GlobalSection(ProjectConfigurationPlatforms) = postSolution
		{AC48E08A-21C6-4CDA-9C72-4E2C09F1EFB7}.Debug|Any CPU.ActiveCfg = Debug|Any CPU
		{AC48E08A-21C6-4CDA-9C72-4E2C09F1EFB7}.Debug|Any CPU.Build.0 = Debug|Any CPU
		{AC48E08A-21C6-4CDA-9C72-4E2C09F1EFB7}.Release|Any CPU.ActiveCfg = Release|Any CPU
		{AC48E08A-21C6-4CDA-9C72-4E2C09F1EFB7}.Release|Any CPU.Build.0 = Release|Any CPU
	EndGlobalSection
	GlobalSection(SolutionProperties) = preSolution
		HideSolutionNode = FALSE
	EndGlobalSection
	GlobalSection(ExtensibilityGlobals) = postSolution
		SolutionGuid = {47EECA4D-D9D8-4AEF-864C-D1AD5AD75903}
	EndGlobalSection
EndGlobal
